
Microsoft Visual Studio Solution File, Format Version 12.00
# Visual Studio 2012
Project("{2150E333-8FDC-42A3-9474-1A3956D46DE8}") = "Core", "Core", "{D74940DD-B87B-4E4B-812E-6D4F061C4A52}"
EndProject
Project("{2150E333-8FDC-42A3-9474-1A3956D46DE8}") = "ZWave", "ZWave", "{34C9D15B-6D56-4757-B6E1-960F0F053288}"
EndProject
Project("{2150E333-8FDC-42A3-9474-1A3956D46DE8}") = "Echo", "Echo", "{02189EB9-1BC6-4A25-B8FC-A908597825B0}"
EndProject
Project("{2150E333-8FDC-42A3-9474-1A3956D46DE8}") = "Azure", "Azure", "{BEB12BD4-6FBD-4544-81EE-04BC0D7D2FEF}"
EndProject
Project("{2150E333-8FDC-42A3-9474-1A3956D46DE8}") = "Node", "Node", "{6212249F-9AC3-49A5-A2B0-48C71D9EF5B5}"
EndProject
Project("{2150E333-8FDC-42A3-9474-1A3956D46DE8}") = "Apps", "Apps", "{3FA1EFF4-1AF2-442F-A53C-0DD0DA4871F9}"
EndProject
Project("{D954291E-2A0B-460D-934E-DC6B0785DB48}") = "Rosie.Mobile", "src\Apps\Rosie.Mobile\Rosie.Mobile.shproj", "{8E4BE03F-C577-4481-A405-F1913A18C289}"
EndProject
Project("{FAE04EC0-301F-11D3-BF4B-00C04F79EFBC}") = "Rosie.Mobile.iOS", "src\Apps\iOS\Rosie.Mobile.iOS.csproj", "{95408C6F-EA7F-4B14-988D-D201B15D4EC1}"
EndProject
Project("{FAE04EC0-301F-11D3-BF4B-00C04F79EFBC}") = "Rosie.Mobile.Droid", "src\Apps\Droid\Rosie.Mobile.Droid.csproj", "{3A48E399-0D67-4553-A269-368F171FD008}"
EndProject
Project("{FAE04EC0-301F-11D3-BF4B-00C04F79EFBC}") = "Rosie.Resources", "src\Apps\Rosie.Resources\Rosie.Resources.csproj", "{A8F398D2-9145-4D1A-AF80-5DBC8CC9B4C1}"
EndProject
Project("{2150E333-8FDC-42A3-9474-1A3956D46DE8}") = "SmartThings", "SmartThings", "{24CD270C-4255-4F3C-9049-75810DCDC01E}"
EndProject
Project("{D954291E-2A0B-460D-934E-DC6B0785DB48}") = "Rosie.SmartThings", "src\SmartThings\Rosie.SmartThings\Rosie.SmartThings.shproj", "{0390A9D5-D594-41F8-8434-2146BC4A0628}"
EndProject
Project("{FAE04EC0-301F-11D3-BF4B-00C04F79EFBC}") = "Rosie.AzureIoT", "src\Azure\Rosie.AzureIoT\Rosie.AzureIoT.csproj", "{B748440A-3F3F-40E6-9EA7-E23394E76DAA}"
EndProject
Project("{FAE04EC0-301F-11D3-BF4B-00C04F79EFBC}") = "Rosie", "src\Core\Rosie\Rosie.csproj", "{B679C1B8-7276-4CE9-ADE6-E85B62247995}"
EndProject
Project("{D954291E-2A0B-460D-934E-DC6B0785DB48}") = "Rosie.Models", "src\Core\Rosie.Models\Rosie.Models.shproj", "{5DA88383-58E0-4D65-AE7C-D56FEC1D9488}"
EndProject
Project("{FAE04EC0-301F-11D3-BF4B-00C04F79EFBC}") = "Rosie.Node", "src\Node\Rosie.Node\Rosie.Node.csproj", "{8FCAAB49-3C09-4356-A6FE-EE0C5AE96DEC}"
EndProject
Project("{FAE04EC0-301F-11D3-BF4B-00C04F79EFBC}") = "Rosie.Echo", "src\Echo\Rosie.Echo\Rosie.Echo.csproj", "{FD7627E4-0B3A-488A-A75A-81DA2F125F45}"
EndProject
Project("{FAE04EC0-301F-11D3-BF4B-00C04F79EFBC}") = "Rosie.SmartThings.Net", "src\SmartThings\Rosie.SmartThings.Net\Rosie.SmartThings.Net.csproj", "{98005BE2-2D51-46B6-B059-8D58DC2A13CF}"
EndProject
Project("{FAE04EC0-301F-11D3-BF4B-00C04F79EFBC}") = "Rosie.Server", "Rosie.Server\Rosie.Server.csproj", "{33EE2568-7A3A-4124-89EF-FB5452FA2046}"
EndProject
Project("{FAE04EC0-301F-11D3-BF4B-00C04F79EFBC}") = "Rosie.ZWave", "src\ZWave\Rosie.ZWave\Rosie.ZWave.csproj", "{5D73EAAD-7E59-47D4-9F4B-388DB341AEB3}"
EndProject
Project("{FAE04EC0-301F-11D3-BF4B-00C04F79EFBC}") = "Rosie.Hue", "Rosie.Hue\Rosie.Hue.csproj", "{E61ADF58-8C1C-41A2-94F7-87B821BE2A28}"
EndProject
Project("{2150E333-8FDC-42A3-9474-1A3956D46DE8}") = "Phillips Hue", "Phillips Hue", "{C4DBF116-94FE-44DC-920B-9D7EDF2BECA2}"
EndProject
Global
	GlobalSection(SolutionConfigurationPlatforms) = preSolution
		Debug|Any CPU = Debug|Any CPU
		Release|Any CPU = Release|Any CPU
		NuGet|Any CPU = NuGet|Any CPU
		Debug|iPhoneSimulator = Debug|iPhoneSimulator
		Release|iPhone = Release|iPhone
		Release|iPhoneSimulator = Release|iPhoneSimulator
		Debug|iPhone = Debug|iPhone
	EndGlobalSection
	GlobalSection(ProjectConfigurationPlatforms) = postSolution
		{95408C6F-EA7F-4B14-988D-D201B15D4EC1}.Debug|Any CPU.ActiveCfg = Debug|iPhoneSimulator
		{95408C6F-EA7F-4B14-988D-D201B15D4EC1}.Debug|Any CPU.Build.0 = Debug|iPhoneSimulator
		{95408C6F-EA7F-4B14-988D-D201B15D4EC1}.Release|Any CPU.ActiveCfg = Release|iPhone
		{95408C6F-EA7F-4B14-988D-D201B15D4EC1}.Release|Any CPU.Build.0 = Release|iPhone
		{95408C6F-EA7F-4B14-988D-D201B15D4EC1}.NuGet|Any CPU.ActiveCfg = Debug|iPhoneSimulator
		{95408C6F-EA7F-4B14-988D-D201B15D4EC1}.NuGet|Any CPU.Build.0 = Debug|iPhoneSimulator
		{95408C6F-EA7F-4B14-988D-D201B15D4EC1}.Debug|iPhoneSimulator.ActiveCfg = Debug|iPhoneSimulator
		{95408C6F-EA7F-4B14-988D-D201B15D4EC1}.Debug|iPhoneSimulator.Build.0 = Debug|iPhoneSimulator
		{95408C6F-EA7F-4B14-988D-D201B15D4EC1}.Release|iPhone.ActiveCfg = Release|iPhone
		{95408C6F-EA7F-4B14-988D-D201B15D4EC1}.Release|iPhone.Build.0 = Release|iPhone
		{95408C6F-EA7F-4B14-988D-D201B15D4EC1}.Release|iPhoneSimulator.ActiveCfg = Release|iPhoneSimulator
		{95408C6F-EA7F-4B14-988D-D201B15D4EC1}.Release|iPhoneSimulator.Build.0 = Release|iPhoneSimulator
		{95408C6F-EA7F-4B14-988D-D201B15D4EC1}.Debug|iPhone.ActiveCfg = Debug|iPhone
		{95408C6F-EA7F-4B14-988D-D201B15D4EC1}.Debug|iPhone.Build.0 = Debug|iPhone
		{3A48E399-0D67-4553-A269-368F171FD008}.Debug|Any CPU.ActiveCfg = Debug|Any CPU
		{3A48E399-0D67-4553-A269-368F171FD008}.Debug|Any CPU.Build.0 = Debug|Any CPU
		{3A48E399-0D67-4553-A269-368F171FD008}.Release|Any CPU.ActiveCfg = Release|Any CPU
		{3A48E399-0D67-4553-A269-368F171FD008}.Release|Any CPU.Build.0 = Release|Any CPU
		{3A48E399-0D67-4553-A269-368F171FD008}.NuGet|Any CPU.ActiveCfg = Debug|Any CPU
		{3A48E399-0D67-4553-A269-368F171FD008}.NuGet|Any CPU.Build.0 = Debug|Any CPU
		{3A48E399-0D67-4553-A269-368F171FD008}.Debug|iPhoneSimulator.ActiveCfg = Debug|Any CPU
		{3A48E399-0D67-4553-A269-368F171FD008}.Debug|iPhoneSimulator.Build.0 = Debug|Any CPU
		{3A48E399-0D67-4553-A269-368F171FD008}.Release|iPhone.ActiveCfg = Release|Any CPU
		{3A48E399-0D67-4553-A269-368F171FD008}.Release|iPhone.Build.0 = Release|Any CPU
		{3A48E399-0D67-4553-A269-368F171FD008}.Release|iPhoneSimulator.ActiveCfg = Release|Any CPU
		{3A48E399-0D67-4553-A269-368F171FD008}.Release|iPhoneSimulator.Build.0 = Release|Any CPU
		{3A48E399-0D67-4553-A269-368F171FD008}.Debug|iPhone.ActiveCfg = Debug|Any CPU
		{3A48E399-0D67-4553-A269-368F171FD008}.Debug|iPhone.Build.0 = Debug|Any CPU
		{A8F398D2-9145-4D1A-AF80-5DBC8CC9B4C1}.Debug|Any CPU.ActiveCfg = Debug|Any CPU
		{A8F398D2-9145-4D1A-AF80-5DBC8CC9B4C1}.Debug|Any CPU.Build.0 = Debug|Any CPU
		{A8F398D2-9145-4D1A-AF80-5DBC8CC9B4C1}.Release|Any CPU.ActiveCfg = Release|Any CPU
		{A8F398D2-9145-4D1A-AF80-5DBC8CC9B4C1}.Release|Any CPU.Build.0 = Release|Any CPU
		{A8F398D2-9145-4D1A-AF80-5DBC8CC9B4C1}.NuGet|Any CPU.ActiveCfg = Debug|Any CPU
		{A8F398D2-9145-4D1A-AF80-5DBC8CC9B4C1}.NuGet|Any CPU.Build.0 = Debug|Any CPU
		{A8F398D2-9145-4D1A-AF80-5DBC8CC9B4C1}.Debug|iPhoneSimulator.ActiveCfg = Debug|Any CPU
		{A8F398D2-9145-4D1A-AF80-5DBC8CC9B4C1}.Debug|iPhoneSimulator.Build.0 = Debug|Any CPU
		{A8F398D2-9145-4D1A-AF80-5DBC8CC9B4C1}.Release|iPhone.ActiveCfg = Release|Any CPU
		{A8F398D2-9145-4D1A-AF80-5DBC8CC9B4C1}.Release|iPhone.Build.0 = Release|Any CPU
		{A8F398D2-9145-4D1A-AF80-5DBC8CC9B4C1}.Release|iPhoneSimulator.ActiveCfg = Release|Any CPU
		{A8F398D2-9145-4D1A-AF80-5DBC8CC9B4C1}.Release|iPhoneSimulator.Build.0 = Release|Any CPU
		{A8F398D2-9145-4D1A-AF80-5DBC8CC9B4C1}.Debug|iPhone.ActiveCfg = Debug|Any CPU
		{A8F398D2-9145-4D1A-AF80-5DBC8CC9B4C1}.Debug|iPhone.Build.0 = Debug|Any CPU
		{B748440A-3F3F-40E6-9EA7-E23394E76DAA}.Debug|Any CPU.ActiveCfg = Debug|Any CPU
		{B748440A-3F3F-40E6-9EA7-E23394E76DAA}.Debug|Any CPU.Build.0 = Debug|Any CPU
		{B748440A-3F3F-40E6-9EA7-E23394E76DAA}.Release|Any CPU.ActiveCfg = Release|Any CPU
		{B748440A-3F3F-40E6-9EA7-E23394E76DAA}.Release|Any CPU.Build.0 = Release|Any CPU
		{B748440A-3F3F-40E6-9EA7-E23394E76DAA}.NuGet|Any CPU.ActiveCfg = Debug|Any CPU
		{B748440A-3F3F-40E6-9EA7-E23394E76DAA}.NuGet|Any CPU.Build.0 = Debug|Any CPU
		{B748440A-3F3F-40E6-9EA7-E23394E76DAA}.Debug|iPhoneSimulator.ActiveCfg = Debug|Any CPU
		{B748440A-3F3F-40E6-9EA7-E23394E76DAA}.Debug|iPhoneSimulator.Build.0 = Debug|Any CPU
		{B748440A-3F3F-40E6-9EA7-E23394E76DAA}.Release|iPhone.ActiveCfg = Release|Any CPU
		{B748440A-3F3F-40E6-9EA7-E23394E76DAA}.Release|iPhone.Build.0 = Release|Any CPU
		{B748440A-3F3F-40E6-9EA7-E23394E76DAA}.Release|iPhoneSimulator.ActiveCfg = Release|Any CPU
		{B748440A-3F3F-40E6-9EA7-E23394E76DAA}.Release|iPhoneSimulator.Build.0 = Release|Any CPU
		{B748440A-3F3F-40E6-9EA7-E23394E76DAA}.Debug|iPhone.ActiveCfg = Debug|Any CPU
		{B748440A-3F3F-40E6-9EA7-E23394E76DAA}.Debug|iPhone.Build.0 = Debug|Any CPU
		{B679C1B8-7276-4CE9-ADE6-E85B62247995}.Debug|Any CPU.ActiveCfg = Debug|Any CPU
		{B679C1B8-7276-4CE9-ADE6-E85B62247995}.Debug|Any CPU.Build.0 = Debug|Any CPU
		{B679C1B8-7276-4CE9-ADE6-E85B62247995}.Release|Any CPU.ActiveCfg = Release|Any CPU
		{B679C1B8-7276-4CE9-ADE6-E85B62247995}.Release|Any CPU.Build.0 = Release|Any CPU
		{B679C1B8-7276-4CE9-ADE6-E85B62247995}.NuGet|Any CPU.ActiveCfg = Debug|Any CPU
		{B679C1B8-7276-4CE9-ADE6-E85B62247995}.NuGet|Any CPU.Build.0 = Debug|Any CPU
		{B679C1B8-7276-4CE9-ADE6-E85B62247995}.Debug|iPhoneSimulator.ActiveCfg = Debug|Any CPU
		{B679C1B8-7276-4CE9-ADE6-E85B62247995}.Debug|iPhoneSimulator.Build.0 = Debug|Any CPU
		{B679C1B8-7276-4CE9-ADE6-E85B62247995}.Release|iPhone.ActiveCfg = Release|Any CPU
		{B679C1B8-7276-4CE9-ADE6-E85B62247995}.Release|iPhone.Build.0 = Release|Any CPU
		{B679C1B8-7276-4CE9-ADE6-E85B62247995}.Release|iPhoneSimulator.ActiveCfg = Release|Any CPU
		{B679C1B8-7276-4CE9-ADE6-E85B62247995}.Release|iPhoneSimulator.Build.0 = Release|Any CPU
		{B679C1B8-7276-4CE9-ADE6-E85B62247995}.Debug|iPhone.ActiveCfg = Debug|Any CPU
		{B679C1B8-7276-4CE9-ADE6-E85B62247995}.Debug|iPhone.Build.0 = Debug|Any CPU
		{8FCAAB49-3C09-4356-A6FE-EE0C5AE96DEC}.Debug|Any CPU.ActiveCfg = Debug|Any CPU
		{8FCAAB49-3C09-4356-A6FE-EE0C5AE96DEC}.Debug|Any CPU.Build.0 = Debug|Any CPU
		{8FCAAB49-3C09-4356-A6FE-EE0C5AE96DEC}.Release|Any CPU.ActiveCfg = Release|Any CPU
		{8FCAAB49-3C09-4356-A6FE-EE0C5AE96DEC}.Release|Any CPU.Build.0 = Release|Any CPU
		{8FCAAB49-3C09-4356-A6FE-EE0C5AE96DEC}.NuGet|Any CPU.ActiveCfg = Debug|Any CPU
		{8FCAAB49-3C09-4356-A6FE-EE0C5AE96DEC}.NuGet|Any CPU.Build.0 = Debug|Any CPU
		{8FCAAB49-3C09-4356-A6FE-EE0C5AE96DEC}.Debug|iPhoneSimulator.ActiveCfg = Debug|Any CPU
		{8FCAAB49-3C09-4356-A6FE-EE0C5AE96DEC}.Debug|iPhoneSimulator.Build.0 = Debug|Any CPU
		{8FCAAB49-3C09-4356-A6FE-EE0C5AE96DEC}.Release|iPhone.ActiveCfg = Release|Any CPU
		{8FCAAB49-3C09-4356-A6FE-EE0C5AE96DEC}.Release|iPhone.Build.0 = Release|Any CPU
		{8FCAAB49-3C09-4356-A6FE-EE0C5AE96DEC}.Release|iPhoneSimulator.ActiveCfg = Release|Any CPU
		{8FCAAB49-3C09-4356-A6FE-EE0C5AE96DEC}.Release|iPhoneSimulator.Build.0 = Release|Any CPU
		{8FCAAB49-3C09-4356-A6FE-EE0C5AE96DEC}.Debug|iPhone.ActiveCfg = Debug|Any CPU
		{8FCAAB49-3C09-4356-A6FE-EE0C5AE96DEC}.Debug|iPhone.Build.0 = Debug|Any CPU
		{FD7627E4-0B3A-488A-A75A-81DA2F125F45}.Debug|Any CPU.ActiveCfg = Debug|Any CPU
		{FD7627E4-0B3A-488A-A75A-81DA2F125F45}.Debug|Any CPU.Build.0 = Debug|Any CPU
		{FD7627E4-0B3A-488A-A75A-81DA2F125F45}.Release|Any CPU.ActiveCfg = Release|Any CPU
		{FD7627E4-0B3A-488A-A75A-81DA2F125F45}.Release|Any CPU.Build.0 = Release|Any CPU
		{FD7627E4-0B3A-488A-A75A-81DA2F125F45}.NuGet|Any CPU.ActiveCfg = Debug|Any CPU
		{FD7627E4-0B3A-488A-A75A-81DA2F125F45}.NuGet|Any CPU.Build.0 = Debug|Any CPU
		{FD7627E4-0B3A-488A-A75A-81DA2F125F45}.Debug|iPhoneSimulator.ActiveCfg = Debug|Any CPU
		{FD7627E4-0B3A-488A-A75A-81DA2F125F45}.Debug|iPhoneSimulator.Build.0 = Debug|Any CPU
		{FD7627E4-0B3A-488A-A75A-81DA2F125F45}.Release|iPhone.ActiveCfg = Release|Any CPU
		{FD7627E4-0B3A-488A-A75A-81DA2F125F45}.Release|iPhone.Build.0 = Release|Any CPU
		{FD7627E4-0B3A-488A-A75A-81DA2F125F45}.Release|iPhoneSimulator.ActiveCfg = Release|Any CPU
		{FD7627E4-0B3A-488A-A75A-81DA2F125F45}.Release|iPhoneSimulator.Build.0 = Release|Any CPU
		{FD7627E4-0B3A-488A-A75A-81DA2F125F45}.Debug|iPhone.ActiveCfg = Debug|Any CPU
		{FD7627E4-0B3A-488A-A75A-81DA2F125F45}.Debug|iPhone.Build.0 = Debug|Any CPU
		{98005BE2-2D51-46B6-B059-8D58DC2A13CF}.Debug|Any CPU.ActiveCfg = Debug|Any CPU
		{98005BE2-2D51-46B6-B059-8D58DC2A13CF}.Debug|Any CPU.Build.0 = Debug|Any CPU
		{98005BE2-2D51-46B6-B059-8D58DC2A13CF}.Release|Any CPU.ActiveCfg = Release|Any CPU
		{98005BE2-2D51-46B6-B059-8D58DC2A13CF}.Release|Any CPU.Build.0 = Release|Any CPU
		{98005BE2-2D51-46B6-B059-8D58DC2A13CF}.NuGet|Any CPU.ActiveCfg = Debug|Any CPU
		{98005BE2-2D51-46B6-B059-8D58DC2A13CF}.NuGet|Any CPU.Build.0 = Debug|Any CPU
		{98005BE2-2D51-46B6-B059-8D58DC2A13CF}.Debug|iPhoneSimulator.ActiveCfg = Debug|Any CPU
		{98005BE2-2D51-46B6-B059-8D58DC2A13CF}.Debug|iPhoneSimulator.Build.0 = Debug|Any CPU
		{98005BE2-2D51-46B6-B059-8D58DC2A13CF}.Release|iPhone.ActiveCfg = Release|Any CPU
		{98005BE2-2D51-46B6-B059-8D58DC2A13CF}.Release|iPhone.Build.0 = Release|Any CPU
		{98005BE2-2D51-46B6-B059-8D58DC2A13CF}.Release|iPhoneSimulator.ActiveCfg = Release|Any CPU
		{98005BE2-2D51-46B6-B059-8D58DC2A13CF}.Release|iPhoneSimulator.Build.0 = Release|Any CPU
		{98005BE2-2D51-46B6-B059-8D58DC2A13CF}.Debug|iPhone.ActiveCfg = Debug|Any CPU
		{98005BE2-2D51-46B6-B059-8D58DC2A13CF}.Debug|iPhone.Build.0 = Debug|Any CPU
		{33EE2568-7A3A-4124-89EF-FB5452FA2046}.Debug|Any CPU.ActiveCfg = Debug|Any CPU
		{33EE2568-7A3A-4124-89EF-FB5452FA2046}.Debug|Any CPU.Build.0 = Debug|Any CPU
		{33EE2568-7A3A-4124-89EF-FB5452FA2046}.Release|Any CPU.ActiveCfg = Release|Any CPU
		{33EE2568-7A3A-4124-89EF-FB5452FA2046}.Release|Any CPU.Build.0 = Release|Any CPU
		{33EE2568-7A3A-4124-89EF-FB5452FA2046}.NuGet|Any CPU.ActiveCfg = Debug|Any CPU
		{33EE2568-7A3A-4124-89EF-FB5452FA2046}.NuGet|Any CPU.Build.0 = Debug|Any CPU
		{33EE2568-7A3A-4124-89EF-FB5452FA2046}.Debug|iPhoneSimulator.ActiveCfg = Debug|Any CPU
		{33EE2568-7A3A-4124-89EF-FB5452FA2046}.Debug|iPhoneSimulator.Build.0 = Debug|Any CPU
		{33EE2568-7A3A-4124-89EF-FB5452FA2046}.Release|iPhone.ActiveCfg = Release|Any CPU
		{33EE2568-7A3A-4124-89EF-FB5452FA2046}.Release|iPhone.Build.0 = Release|Any CPU
		{33EE2568-7A3A-4124-89EF-FB5452FA2046}.Release|iPhoneSimulator.ActiveCfg = Release|Any CPU
		{33EE2568-7A3A-4124-89EF-FB5452FA2046}.Release|iPhoneSimulator.Build.0 = Release|Any CPU
		{33EE2568-7A3A-4124-89EF-FB5452FA2046}.Debug|iPhone.ActiveCfg = Debug|Any CPU
		{33EE2568-7A3A-4124-89EF-FB5452FA2046}.Debug|iPhone.Build.0 = Debug|Any CPU
		{5D73EAAD-7E59-47D4-9F4B-388DB341AEB3}.Debug|Any CPU.ActiveCfg = Debug|Any CPU
		{5D73EAAD-7E59-47D4-9F4B-388DB341AEB3}.Debug|Any CPU.Build.0 = Debug|Any CPU
		{5D73EAAD-7E59-47D4-9F4B-388DB341AEB3}.Release|Any CPU.ActiveCfg = Release|Any CPU
		{5D73EAAD-7E59-47D4-9F4B-388DB341AEB3}.Release|Any CPU.Build.0 = Release|Any CPU
		{5D73EAAD-7E59-47D4-9F4B-388DB341AEB3}.NuGet|Any CPU.ActiveCfg = Debug|Any CPU
		{5D73EAAD-7E59-47D4-9F4B-388DB341AEB3}.NuGet|Any CPU.Build.0 = Debug|Any CPU
		{5D73EAAD-7E59-47D4-9F4B-388DB341AEB3}.Debug|iPhoneSimulator.ActiveCfg = Debug|Any CPU
		{5D73EAAD-7E59-47D4-9F4B-388DB341AEB3}.Debug|iPhoneSimulator.Build.0 = Debug|Any CPU
		{5D73EAAD-7E59-47D4-9F4B-388DB341AEB3}.Release|iPhone.ActiveCfg = Release|Any CPU
		{5D73EAAD-7E59-47D4-9F4B-388DB341AEB3}.Release|iPhone.Build.0 = Release|Any CPU
		{5D73EAAD-7E59-47D4-9F4B-388DB341AEB3}.Release|iPhoneSimulator.ActiveCfg = Release|Any CPU
		{5D73EAAD-7E59-47D4-9F4B-388DB341AEB3}.Release|iPhoneSimulator.Build.0 = Release|Any CPU
		{5D73EAAD-7E59-47D4-9F4B-388DB341AEB3}.Debug|iPhone.ActiveCfg = Debug|Any CPU
		{5D73EAAD-7E59-47D4-9F4B-388DB341AEB3}.Debug|iPhone.Build.0 = Debug|Any CPU
		{E61ADF58-8C1C-41A2-94F7-87B821BE2A28}.Debug|Any CPU.ActiveCfg = Debug|Any CPU
		{E61ADF58-8C1C-41A2-94F7-87B821BE2A28}.Debug|Any CPU.Build.0 = Debug|Any CPU
		{E61ADF58-8C1C-41A2-94F7-87B821BE2A28}.Release|Any CPU.ActiveCfg = Release|Any CPU
		{E61ADF58-8C1C-41A2-94F7-87B821BE2A28}.Release|Any CPU.Build.0 = Release|Any CPU
		{E61ADF58-8C1C-41A2-94F7-87B821BE2A28}.NuGet|Any CPU.ActiveCfg = Debug|Any CPU
		{E61ADF58-8C1C-41A2-94F7-87B821BE2A28}.NuGet|Any CPU.Build.0 = Debug|Any CPU
		{E61ADF58-8C1C-41A2-94F7-87B821BE2A28}.Debug|iPhoneSimulator.ActiveCfg = Debug|Any CPU
		{E61ADF58-8C1C-41A2-94F7-87B821BE2A28}.Debug|iPhoneSimulator.Build.0 = Debug|Any CPU
		{E61ADF58-8C1C-41A2-94F7-87B821BE2A28}.Release|iPhone.ActiveCfg = Release|Any CPU
		{E61ADF58-8C1C-41A2-94F7-87B821BE2A28}.Release|iPhone.Build.0 = Release|Any CPU
		{E61ADF58-8C1C-41A2-94F7-87B821BE2A28}.Release|iPhoneSimulator.ActiveCfg = Release|Any CPU
		{E61ADF58-8C1C-41A2-94F7-87B821BE2A28}.Release|iPhoneSimulator.Build.0 = Release|Any CPU
		{E61ADF58-8C1C-41A2-94F7-87B821BE2A28}.Debug|iPhone.ActiveCfg = Debug|Any CPU
		{E61ADF58-8C1C-41A2-94F7-87B821BE2A28}.Debug|iPhone.Build.0 = Debug|Any CPU
	EndGlobalSection
	GlobalSection(NestedProjects) = preSolution
		{8E4BE03F-C577-4481-A405-F1913A18C289} = {3FA1EFF4-1AF2-442F-A53C-0DD0DA4871F9}
		{95408C6F-EA7F-4B14-988D-D201B15D4EC1} = {3FA1EFF4-1AF2-442F-A53C-0DD0DA4871F9}
		{3A48E399-0D67-4553-A269-368F171FD008} = {3FA1EFF4-1AF2-442F-A53C-0DD0DA4871F9}
		{A8F398D2-9145-4D1A-AF80-5DBC8CC9B4C1} = {3FA1EFF4-1AF2-442F-A53C-0DD0DA4871F9}
		{0390A9D5-D594-41F8-8434-2146BC4A0628} = {24CD270C-4255-4F3C-9049-75810DCDC01E}
		{B748440A-3F3F-40E6-9EA7-E23394E76DAA} = {BEB12BD4-6FBD-4544-81EE-04BC0D7D2FEF}
		{B679C1B8-7276-4CE9-ADE6-E85B62247995} = {D74940DD-B87B-4E4B-812E-6D4F061C4A52}
		{5DA88383-58E0-4D65-AE7C-D56FEC1D9488} = {D74940DD-B87B-4E4B-812E-6D4F061C4A52}
		{8FCAAB49-3C09-4356-A6FE-EE0C5AE96DEC} = {6212249F-9AC3-49A5-A2B0-48C71D9EF5B5}
		{FD7627E4-0B3A-488A-A75A-81DA2F125F45} = {02189EB9-1BC6-4A25-B8FC-A908597825B0}
		{98005BE2-2D51-46B6-B059-8D58DC2A13CF} = {24CD270C-4255-4F3C-9049-75810DCDC01E}
		{5D73EAAD-7E59-47D4-9F4B-388DB341AEB3} = {34C9D15B-6D56-4757-B6E1-960F0F053288}
		{E61ADF58-8C1C-41A2-94F7-87B821BE2A28} = {C4DBF116-94FE-44DC-920B-9D7EDF2BECA2}
	EndGlobalSection
EndGlobal
