
Microsoft Visual Studio Solution File, Format Version 12.00
# Visual Studio 2012
Project("{2150E333-8FDC-42A3-9474-1A3956D46DE8}") = "Core", "Core", "{D74940DD-B87B-4E4B-812E-6D4F061C4A52}"
EndProject
Project("{D954291E-2A0B-460D-934E-DC6B0785DB48}") = "Rosie", "src\Core\Rosie\Rosie.shproj", "{0D39F1C7-975F-4460-9B4A-706CC0BE71E3}"
EndProject
Project("{FAE04EC0-301F-11D3-BF4B-00C04F79EFBC}") = "Rosie.Server", "Rosie.Server\Rosie.Server.csproj", "{33EE2568-7A3A-4124-89EF-FB5452FA2046}"
EndProject
Project("{2150E333-8FDC-42A3-9474-1A3956D46DE8}") = "ZWave", "ZWave", "{34C9D15B-6D56-4757-B6E1-960F0F053288}"
EndProject
Project("{2150E333-8FDC-42A3-9474-1A3956D46DE8}") = "Echo", "Echo", "{02189EB9-1BC6-4A25-B8FC-A908597825B0}"
EndProject
Project("{2150E333-8FDC-42A3-9474-1A3956D46DE8}") = "Azure", "Azure", "{BEB12BD4-6FBD-4544-81EE-04BC0D7D2FEF}"
EndProject
Project("{D954291E-2A0B-460D-934E-DC6B0785DB48}") = "Rosie.AzureIoT", "src\Azure\Rosie.AzureIoT\Rosie.AzureIoT.shproj", "{1660BBFB-92EF-459F-B0D2-BAB5D215A7C5}"
EndProject
Project("{FAE04EC0-301F-11D3-BF4B-00C04F79EFBC}") = "Rosie.Echo.Net", "src\Echo\Rosie.Echo.Net\Rosie.Echo.Net.csproj", "{A7C205F8-F18B-423E-914F-E8DD3C02121B}"
EndProject
Project("{FAE04EC0-301F-11D3-BF4B-00C04F79EFBC}") = "Rosie.ZWave.Net", "src\ZWave\Rosie.ZWave.Net\Rosie.ZWave.Net.csproj", "{13BD0334-20B2-4341-B50C-07174771DA0B}"
EndProject
Project("{D954291E-2A0B-460D-934E-DC6B0785DB48}") = "Rosie.ZWave", "src\ZWave\Rosie.ZWave\Rosie.ZWave.shproj", "{66B39DDF-055B-4AC0-A283-A051EFB304EC}"
EndProject
Project("{FAE04EC0-301F-11D3-BF4B-00C04F79EFBC}") = "Rosie.Net", "src\Core\Rosie.Net\Rosie.Net.csproj", "{50DD7935-C200-43D8-9C55-733992A5A2F5}"
EndProject
Project("{D954291E-2A0B-460D-934E-DC6B0785DB48}") = "Rosie.Echo", "src\Echo\Rosie.Echo\Rosie.Echo.shproj", "{FBEB9A56-32F9-4D96-A2E3-F83761FF4ACE}"
EndProject
Project("{FAE04EC0-301F-11D3-BF4B-00C04F79EFBC}") = "Rosie.AzureIoT.Net", "src\Azure\Rosie.AzureIoT.Net\Rosie.AzureIoT.Net.csproj", "{D9EE4768-F1FE-4311-87F0-E8ADB4844550}"
EndProject
Project("{2150E333-8FDC-42A3-9474-1A3956D46DE8}") = "Node", "Node", "{6212249F-9AC3-49A5-A2B0-48C71D9EF5B5}"
EndProject
Project("{D954291E-2A0B-460D-934E-DC6B0785DB48}") = "Rosie.Node", "src\Node\Rosie.Node\Rosie.Node.shproj", "{EA1C2902-A162-4FCF-9C93-250B84ECEC73}"
EndProject
Project("{FAE04EC0-301F-11D3-BF4B-00C04F79EFBC}") = "Rosie.Node.Net", "src\Node\Rosie.Node.Net\Rosie.Node.Net.csproj", "{2391DDC2-5BE5-4E36-93FC-3EDBFFC0C56C}"
EndProject
Project("{2150E333-8FDC-42A3-9474-1A3956D46DE8}") = "Apps", "Apps", "{3FA1EFF4-1AF2-442F-A53C-0DD0DA4871F9}"
EndProject
Project("{D954291E-2A0B-460D-934E-DC6B0785DB48}") = "Rosie.Mobile", "src\Apps\Rosie.Mobile\Rosie.Mobile.shproj", "{8E4BE03F-C577-4481-A405-F1913A18C289}"
EndProject
Project("{FAE04EC0-301F-11D3-BF4B-00C04F79EFBC}") = "Rosie.Mobile.iOS", "src\Apps\iOS\Rosie.Mobile.iOS.csproj", "{95408C6F-EA7F-4B14-988D-D201B15D4EC1}"
EndProject
Project("{FAE04EC0-301F-11D3-BF4B-00C04F79EFBC}") = "Rosie.Mobile.Droid", "src\Apps\Droid\Rosie.Mobile.Droid.csproj", "{3A48E399-0D67-4553-A269-368F171FD008}"
EndProject
Project("{D954291E-2A0B-460D-934E-DC6B0785DB48}") = "Rosie.Models", "src\Core\Rosie.Models\Rosie.Models.shproj", "{5DA88383-58E0-4D65-AE7C-D56FEC1D9488}"
EndProject
Project("{FAE04EC0-301F-11D3-BF4B-00C04F79EFBC}") = "Rosie.Resources", "src\Apps\Rosie.Resources\Rosie.Resources.csproj", "{A8F398D2-9145-4D1A-AF80-5DBC8CC9B4C1}"
EndProject
Project("{FAE04EC0-301F-11D3-BF4B-00C04F79EFBC}") = "SocketIoClientDotNet.net45", "..\SocketIoClientDotNet\Src\SocketIoClientDotNet.net45\SocketIoClientDotNet.net45.csproj", "{B4C79CEE-4B09-428A-BFE9-B276DF4F57FA}"
EndProject
Project("{2150E333-8FDC-42A3-9474-1A3956D46DE8}") = "SmartThings", "SmartThings", "{24CD270C-4255-4F3C-9049-75810DCDC01E}"
EndProject
Project("{D954291E-2A0B-460D-934E-DC6B0785DB48}") = "Rosie.SmartThings", "src\SmartThings\Rosie.SmartThings\Rosie.SmartThings.shproj", "{0390A9D5-D594-41F8-8434-2146BC4A0628}"
EndProject
Project("{FAE04EC0-301F-11D3-BF4B-00C04F79EFBC}") = "Rosie.SmartThings.Net", "src\SmartThings\Rosie.SmartThings.Net\Rosie.SmartThings.Net.csproj", "{40618AE2-4681-4564-A11F-08A52A06B013}"
EndProject
Global
	GlobalSection(SolutionConfigurationPlatforms) = preSolution
		Debug|Any CPU = Debug|Any CPU
		Release|Any CPU = Release|Any CPU
		NuGet|Any CPU = NuGet|Any CPU
		Debug|iPhoneSimulator = Debug|iPhoneSimulator
		Release|iPhone = Release|iPhone
		Release|iPhoneSimulator = Release|iPhoneSimulator
		Debug|iPhone = Debug|iPhone
	EndGlobalSection
	GlobalSection(ProjectConfigurationPlatforms) = postSolution
		{33EE2568-7A3A-4124-89EF-FB5452FA2046}.Debug|Any CPU.ActiveCfg = Debug|Any CPU
		{33EE2568-7A3A-4124-89EF-FB5452FA2046}.Debug|Any CPU.Build.0 = Debug|Any CPU
		{33EE2568-7A3A-4124-89EF-FB5452FA2046}.Release|Any CPU.ActiveCfg = Release|Any CPU
		{33EE2568-7A3A-4124-89EF-FB5452FA2046}.Release|Any CPU.Build.0 = Release|Any CPU
		{33EE2568-7A3A-4124-89EF-FB5452FA2046}.NuGet|Any CPU.ActiveCfg = Debug|Any CPU
		{33EE2568-7A3A-4124-89EF-FB5452FA2046}.NuGet|Any CPU.Build.0 = Debug|Any CPU
		{33EE2568-7A3A-4124-89EF-FB5452FA2046}.Debug|iPhoneSimulator.ActiveCfg = Debug|Any CPU
		{33EE2568-7A3A-4124-89EF-FB5452FA2046}.Debug|iPhoneSimulator.Build.0 = Debug|Any CPU
		{33EE2568-7A3A-4124-89EF-FB5452FA2046}.Release|iPhone.ActiveCfg = Release|Any CPU
		{33EE2568-7A3A-4124-89EF-FB5452FA2046}.Release|iPhone.Build.0 = Release|Any CPU
		{33EE2568-7A3A-4124-89EF-FB5452FA2046}.Release|iPhoneSimulator.ActiveCfg = Release|Any CPU
		{33EE2568-7A3A-4124-89EF-FB5452FA2046}.Release|iPhoneSimulator.Build.0 = Release|Any CPU
		{33EE2568-7A3A-4124-89EF-FB5452FA2046}.Debug|iPhone.ActiveCfg = Debug|Any CPU
		{33EE2568-7A3A-4124-89EF-FB5452FA2046}.Debug|iPhone.Build.0 = Debug|Any CPU
		{A7C205F8-F18B-423E-914F-E8DD3C02121B}.Debug|Any CPU.ActiveCfg = Debug|Any CPU
		{A7C205F8-F18B-423E-914F-E8DD3C02121B}.Debug|Any CPU.Build.0 = Debug|Any CPU
		{A7C205F8-F18B-423E-914F-E8DD3C02121B}.Release|Any CPU.ActiveCfg = Release|Any CPU
		{A7C205F8-F18B-423E-914F-E8DD3C02121B}.Release|Any CPU.Build.0 = Release|Any CPU
		{A7C205F8-F18B-423E-914F-E8DD3C02121B}.NuGet|Any CPU.ActiveCfg = Debug|Any CPU
		{A7C205F8-F18B-423E-914F-E8DD3C02121B}.NuGet|Any CPU.Build.0 = Debug|Any CPU
		{A7C205F8-F18B-423E-914F-E8DD3C02121B}.Debug|iPhoneSimulator.ActiveCfg = Debug|Any CPU
		{A7C205F8-F18B-423E-914F-E8DD3C02121B}.Debug|iPhoneSimulator.Build.0 = Debug|Any CPU
		{A7C205F8-F18B-423E-914F-E8DD3C02121B}.Release|iPhone.ActiveCfg = Release|Any CPU
		{A7C205F8-F18B-423E-914F-E8DD3C02121B}.Release|iPhone.Build.0 = Release|Any CPU
		{A7C205F8-F18B-423E-914F-E8DD3C02121B}.Release|iPhoneSimulator.ActiveCfg = Release|Any CPU
		{A7C205F8-F18B-423E-914F-E8DD3C02121B}.Release|iPhoneSimulator.Build.0 = Release|Any CPU
		{A7C205F8-F18B-423E-914F-E8DD3C02121B}.Debug|iPhone.ActiveCfg = Debug|Any CPU
		{A7C205F8-F18B-423E-914F-E8DD3C02121B}.Debug|iPhone.Build.0 = Debug|Any CPU
		{13BD0334-20B2-4341-B50C-07174771DA0B}.Debug|Any CPU.ActiveCfg = Debug|Any CPU
		{13BD0334-20B2-4341-B50C-07174771DA0B}.Debug|Any CPU.Build.0 = Debug|Any CPU
		{13BD0334-20B2-4341-B50C-07174771DA0B}.Release|Any CPU.ActiveCfg = Release|Any CPU
		{13BD0334-20B2-4341-B50C-07174771DA0B}.Release|Any CPU.Build.0 = Release|Any CPU
		{13BD0334-20B2-4341-B50C-07174771DA0B}.NuGet|Any CPU.ActiveCfg = Debug|Any CPU
		{13BD0334-20B2-4341-B50C-07174771DA0B}.NuGet|Any CPU.Build.0 = Debug|Any CPU
		{13BD0334-20B2-4341-B50C-07174771DA0B}.Debug|iPhoneSimulator.ActiveCfg = Debug|Any CPU
		{13BD0334-20B2-4341-B50C-07174771DA0B}.Debug|iPhoneSimulator.Build.0 = Debug|Any CPU
		{13BD0334-20B2-4341-B50C-07174771DA0B}.Release|iPhone.ActiveCfg = Release|Any CPU
		{13BD0334-20B2-4341-B50C-07174771DA0B}.Release|iPhone.Build.0 = Release|Any CPU
		{13BD0334-20B2-4341-B50C-07174771DA0B}.Release|iPhoneSimulator.ActiveCfg = Release|Any CPU
		{13BD0334-20B2-4341-B50C-07174771DA0B}.Release|iPhoneSimulator.Build.0 = Release|Any CPU
		{13BD0334-20B2-4341-B50C-07174771DA0B}.Debug|iPhone.ActiveCfg = Debug|Any CPU
		{13BD0334-20B2-4341-B50C-07174771DA0B}.Debug|iPhone.Build.0 = Debug|Any CPU
		{50DD7935-C200-43D8-9C55-733992A5A2F5}.Debug|Any CPU.ActiveCfg = Debug|Any CPU
		{50DD7935-C200-43D8-9C55-733992A5A2F5}.Debug|Any CPU.Build.0 = Debug|Any CPU
		{50DD7935-C200-43D8-9C55-733992A5A2F5}.Release|Any CPU.ActiveCfg = Release|Any CPU
		{50DD7935-C200-43D8-9C55-733992A5A2F5}.Release|Any CPU.Build.0 = Release|Any CPU
		{50DD7935-C200-43D8-9C55-733992A5A2F5}.NuGet|Any CPU.ActiveCfg = Debug|Any CPU
		{50DD7935-C200-43D8-9C55-733992A5A2F5}.NuGet|Any CPU.Build.0 = Debug|Any CPU
		{50DD7935-C200-43D8-9C55-733992A5A2F5}.Debug|iPhoneSimulator.ActiveCfg = Debug|Any CPU
		{50DD7935-C200-43D8-9C55-733992A5A2F5}.Debug|iPhoneSimulator.Build.0 = Debug|Any CPU
		{50DD7935-C200-43D8-9C55-733992A5A2F5}.Release|iPhone.ActiveCfg = Release|Any CPU
		{50DD7935-C200-43D8-9C55-733992A5A2F5}.Release|iPhone.Build.0 = Release|Any CPU
		{50DD7935-C200-43D8-9C55-733992A5A2F5}.Release|iPhoneSimulator.ActiveCfg = Release|Any CPU
		{50DD7935-C200-43D8-9C55-733992A5A2F5}.Release|iPhoneSimulator.Build.0 = Release|Any CPU
		{50DD7935-C200-43D8-9C55-733992A5A2F5}.Debug|iPhone.ActiveCfg = Debug|Any CPU
		{50DD7935-C200-43D8-9C55-733992A5A2F5}.Debug|iPhone.Build.0 = Debug|Any CPU
		{D9EE4768-F1FE-4311-87F0-E8ADB4844550}.Debug|Any CPU.ActiveCfg = Debug|Any CPU
		{D9EE4768-F1FE-4311-87F0-E8ADB4844550}.Debug|Any CPU.Build.0 = Debug|Any CPU
		{D9EE4768-F1FE-4311-87F0-E8ADB4844550}.Release|Any CPU.ActiveCfg = Release|Any CPU
		{D9EE4768-F1FE-4311-87F0-E8ADB4844550}.Release|Any CPU.Build.0 = Release|Any CPU
		{D9EE4768-F1FE-4311-87F0-E8ADB4844550}.NuGet|Any CPU.ActiveCfg = Debug|Any CPU
		{D9EE4768-F1FE-4311-87F0-E8ADB4844550}.NuGet|Any CPU.Build.0 = Debug|Any CPU
		{D9EE4768-F1FE-4311-87F0-E8ADB4844550}.Debug|iPhoneSimulator.ActiveCfg = Debug|Any CPU
		{D9EE4768-F1FE-4311-87F0-E8ADB4844550}.Debug|iPhoneSimulator.Build.0 = Debug|Any CPU
		{D9EE4768-F1FE-4311-87F0-E8ADB4844550}.Release|iPhone.ActiveCfg = Release|Any CPU
		{D9EE4768-F1FE-4311-87F0-E8ADB4844550}.Release|iPhone.Build.0 = Release|Any CPU
		{D9EE4768-F1FE-4311-87F0-E8ADB4844550}.Release|iPhoneSimulator.ActiveCfg = Release|Any CPU
		{D9EE4768-F1FE-4311-87F0-E8ADB4844550}.Release|iPhoneSimulator.Build.0 = Release|Any CPU
		{D9EE4768-F1FE-4311-87F0-E8ADB4844550}.Debug|iPhone.ActiveCfg = Debug|Any CPU
		{D9EE4768-F1FE-4311-87F0-E8ADB4844550}.Debug|iPhone.Build.0 = Debug|Any CPU
		{2391DDC2-5BE5-4E36-93FC-3EDBFFC0C56C}.Debug|Any CPU.ActiveCfg = Debug|Any CPU
		{2391DDC2-5BE5-4E36-93FC-3EDBFFC0C56C}.Debug|Any CPU.Build.0 = Debug|Any CPU
		{2391DDC2-5BE5-4E36-93FC-3EDBFFC0C56C}.Release|Any CPU.ActiveCfg = Release|Any CPU
		{2391DDC2-5BE5-4E36-93FC-3EDBFFC0C56C}.Release|Any CPU.Build.0 = Release|Any CPU
		{2391DDC2-5BE5-4E36-93FC-3EDBFFC0C56C}.NuGet|Any CPU.ActiveCfg = Debug|Any CPU
		{2391DDC2-5BE5-4E36-93FC-3EDBFFC0C56C}.NuGet|Any CPU.Build.0 = Debug|Any CPU
		{2391DDC2-5BE5-4E36-93FC-3EDBFFC0C56C}.Debug|iPhoneSimulator.ActiveCfg = Debug|Any CPU
		{2391DDC2-5BE5-4E36-93FC-3EDBFFC0C56C}.Debug|iPhoneSimulator.Build.0 = Debug|Any CPU
		{2391DDC2-5BE5-4E36-93FC-3EDBFFC0C56C}.Release|iPhone.ActiveCfg = Release|Any CPU
		{2391DDC2-5BE5-4E36-93FC-3EDBFFC0C56C}.Release|iPhone.Build.0 = Release|Any CPU
		{2391DDC2-5BE5-4E36-93FC-3EDBFFC0C56C}.Release|iPhoneSimulator.ActiveCfg = Release|Any CPU
		{2391DDC2-5BE5-4E36-93FC-3EDBFFC0C56C}.Release|iPhoneSimulator.Build.0 = Release|Any CPU
		{2391DDC2-5BE5-4E36-93FC-3EDBFFC0C56C}.Debug|iPhone.ActiveCfg = Debug|Any CPU
		{2391DDC2-5BE5-4E36-93FC-3EDBFFC0C56C}.Debug|iPhone.Build.0 = Debug|Any CPU
		{95408C6F-EA7F-4B14-988D-D201B15D4EC1}.Debug|Any CPU.ActiveCfg = Debug|iPhoneSimulator
		{95408C6F-EA7F-4B14-988D-D201B15D4EC1}.Debug|Any CPU.Build.0 = Debug|iPhoneSimulator
		{95408C6F-EA7F-4B14-988D-D201B15D4EC1}.Release|Any CPU.ActiveCfg = Release|iPhone
		{95408C6F-EA7F-4B14-988D-D201B15D4EC1}.Release|Any CPU.Build.0 = Release|iPhone
		{95408C6F-EA7F-4B14-988D-D201B15D4EC1}.NuGet|Any CPU.ActiveCfg = Debug|iPhoneSimulator
		{95408C6F-EA7F-4B14-988D-D201B15D4EC1}.NuGet|Any CPU.Build.0 = Debug|iPhoneSimulator
		{95408C6F-EA7F-4B14-988D-D201B15D4EC1}.Debug|iPhoneSimulator.ActiveCfg = Debug|iPhoneSimulator
		{95408C6F-EA7F-4B14-988D-D201B15D4EC1}.Debug|iPhoneSimulator.Build.0 = Debug|iPhoneSimulator
		{95408C6F-EA7F-4B14-988D-D201B15D4EC1}.Release|iPhone.ActiveCfg = Release|iPhone
		{95408C6F-EA7F-4B14-988D-D201B15D4EC1}.Release|iPhone.Build.0 = Release|iPhone
		{95408C6F-EA7F-4B14-988D-D201B15D4EC1}.Release|iPhoneSimulator.ActiveCfg = Release|iPhoneSimulator
		{95408C6F-EA7F-4B14-988D-D201B15D4EC1}.Release|iPhoneSimulator.Build.0 = Release|iPhoneSimulator
		{95408C6F-EA7F-4B14-988D-D201B15D4EC1}.Debug|iPhone.ActiveCfg = Debug|iPhone
		{95408C6F-EA7F-4B14-988D-D201B15D4EC1}.Debug|iPhone.Build.0 = Debug|iPhone
		{3A48E399-0D67-4553-A269-368F171FD008}.Debug|Any CPU.ActiveCfg = Debug|Any CPU
		{3A48E399-0D67-4553-A269-368F171FD008}.Debug|Any CPU.Build.0 = Debug|Any CPU
		{3A48E399-0D67-4553-A269-368F171FD008}.Release|Any CPU.ActiveCfg = Release|Any CPU
		{3A48E399-0D67-4553-A269-368F171FD008}.Release|Any CPU.Build.0 = Release|Any CPU
		{3A48E399-0D67-4553-A269-368F171FD008}.NuGet|Any CPU.ActiveCfg = Debug|Any CPU
		{3A48E399-0D67-4553-A269-368F171FD008}.NuGet|Any CPU.Build.0 = Debug|Any CPU
		{3A48E399-0D67-4553-A269-368F171FD008}.Debug|iPhoneSimulator.ActiveCfg = Debug|Any CPU
		{3A48E399-0D67-4553-A269-368F171FD008}.Debug|iPhoneSimulator.Build.0 = Debug|Any CPU
		{3A48E399-0D67-4553-A269-368F171FD008}.Release|iPhone.ActiveCfg = Release|Any CPU
		{3A48E399-0D67-4553-A269-368F171FD008}.Release|iPhone.Build.0 = Release|Any CPU
		{3A48E399-0D67-4553-A269-368F171FD008}.Release|iPhoneSimulator.ActiveCfg = Release|Any CPU
		{3A48E399-0D67-4553-A269-368F171FD008}.Release|iPhoneSimulator.Build.0 = Release|Any CPU
		{3A48E399-0D67-4553-A269-368F171FD008}.Debug|iPhone.ActiveCfg = Debug|Any CPU
		{3A48E399-0D67-4553-A269-368F171FD008}.Debug|iPhone.Build.0 = Debug|Any CPU
		{A8F398D2-9145-4D1A-AF80-5DBC8CC9B4C1}.Debug|Any CPU.ActiveCfg = Debug|Any CPU
		{A8F398D2-9145-4D1A-AF80-5DBC8CC9B4C1}.Debug|Any CPU.Build.0 = Debug|Any CPU
		{A8F398D2-9145-4D1A-AF80-5DBC8CC9B4C1}.Release|Any CPU.ActiveCfg = Release|Any CPU
		{A8F398D2-9145-4D1A-AF80-5DBC8CC9B4C1}.Release|Any CPU.Build.0 = Release|Any CPU
		{A8F398D2-9145-4D1A-AF80-5DBC8CC9B4C1}.NuGet|Any CPU.ActiveCfg = Debug|Any CPU
		{A8F398D2-9145-4D1A-AF80-5DBC8CC9B4C1}.NuGet|Any CPU.Build.0 = Debug|Any CPU
		{A8F398D2-9145-4D1A-AF80-5DBC8CC9B4C1}.Debug|iPhoneSimulator.ActiveCfg = Debug|Any CPU
		{A8F398D2-9145-4D1A-AF80-5DBC8CC9B4C1}.Debug|iPhoneSimulator.Build.0 = Debug|Any CPU
		{A8F398D2-9145-4D1A-AF80-5DBC8CC9B4C1}.Release|iPhone.ActiveCfg = Release|Any CPU
		{A8F398D2-9145-4D1A-AF80-5DBC8CC9B4C1}.Release|iPhone.Build.0 = Release|Any CPU
		{A8F398D2-9145-4D1A-AF80-5DBC8CC9B4C1}.Release|iPhoneSimulator.ActiveCfg = Release|Any CPU
		{A8F398D2-9145-4D1A-AF80-5DBC8CC9B4C1}.Release|iPhoneSimulator.Build.0 = Release|Any CPU
		{A8F398D2-9145-4D1A-AF80-5DBC8CC9B4C1}.Debug|iPhone.ActiveCfg = Debug|Any CPU
		{A8F398D2-9145-4D1A-AF80-5DBC8CC9B4C1}.Debug|iPhone.Build.0 = Debug|Any CPU
		{B4C79CEE-4B09-428A-BFE9-B276DF4F57FA}.Debug|Any CPU.ActiveCfg = Debug|Any CPU
		{B4C79CEE-4B09-428A-BFE9-B276DF4F57FA}.Debug|Any CPU.Build.0 = Debug|Any CPU
		{B4C79CEE-4B09-428A-BFE9-B276DF4F57FA}.Release|Any CPU.ActiveCfg = Release|Any CPU
		{B4C79CEE-4B09-428A-BFE9-B276DF4F57FA}.Release|Any CPU.Build.0 = Release|Any CPU
		{B4C79CEE-4B09-428A-BFE9-B276DF4F57FA}.NuGet|Any CPU.ActiveCfg = Debug|Any CPU
		{B4C79CEE-4B09-428A-BFE9-B276DF4F57FA}.NuGet|Any CPU.Build.0 = Debug|Any CPU
		{B4C79CEE-4B09-428A-BFE9-B276DF4F57FA}.Debug|iPhoneSimulator.ActiveCfg = Debug|Any CPU
		{B4C79CEE-4B09-428A-BFE9-B276DF4F57FA}.Debug|iPhoneSimulator.Build.0 = Debug|Any CPU
		{B4C79CEE-4B09-428A-BFE9-B276DF4F57FA}.Release|iPhone.ActiveCfg = Release|Any CPU
		{B4C79CEE-4B09-428A-BFE9-B276DF4F57FA}.Release|iPhone.Build.0 = Release|Any CPU
		{B4C79CEE-4B09-428A-BFE9-B276DF4F57FA}.Release|iPhoneSimulator.ActiveCfg = Release|Any CPU
		{B4C79CEE-4B09-428A-BFE9-B276DF4F57FA}.Release|iPhoneSimulator.Build.0 = Release|Any CPU
		{B4C79CEE-4B09-428A-BFE9-B276DF4F57FA}.Debug|iPhone.ActiveCfg = Debug|Any CPU
		{B4C79CEE-4B09-428A-BFE9-B276DF4F57FA}.Debug|iPhone.Build.0 = Debug|Any CPU
		{40618AE2-4681-4564-A11F-08A52A06B013}.Debug|Any CPU.ActiveCfg = Debug|Any CPU
		{40618AE2-4681-4564-A11F-08A52A06B013}.Debug|Any CPU.Build.0 = Debug|Any CPU
		{40618AE2-4681-4564-A11F-08A52A06B013}.Release|Any CPU.ActiveCfg = Release|Any CPU
		{40618AE2-4681-4564-A11F-08A52A06B013}.Release|Any CPU.Build.0 = Release|Any CPU
		{40618AE2-4681-4564-A11F-08A52A06B013}.NuGet|Any CPU.ActiveCfg = Debug|Any CPU
		{40618AE2-4681-4564-A11F-08A52A06B013}.NuGet|Any CPU.Build.0 = Debug|Any CPU
		{40618AE2-4681-4564-A11F-08A52A06B013}.Debug|iPhoneSimulator.ActiveCfg = Debug|Any CPU
		{40618AE2-4681-4564-A11F-08A52A06B013}.Debug|iPhoneSimulator.Build.0 = Debug|Any CPU
		{40618AE2-4681-4564-A11F-08A52A06B013}.Release|iPhone.ActiveCfg = Release|Any CPU
		{40618AE2-4681-4564-A11F-08A52A06B013}.Release|iPhone.Build.0 = Release|Any CPU
		{40618AE2-4681-4564-A11F-08A52A06B013}.Release|iPhoneSimulator.ActiveCfg = Release|Any CPU
		{40618AE2-4681-4564-A11F-08A52A06B013}.Release|iPhoneSimulator.Build.0 = Release|Any CPU
		{40618AE2-4681-4564-A11F-08A52A06B013}.Debug|iPhone.ActiveCfg = Debug|Any CPU
		{40618AE2-4681-4564-A11F-08A52A06B013}.Debug|iPhone.Build.0 = Debug|Any CPU
	EndGlobalSection
	GlobalSection(NestedProjects) = preSolution
		{0D39F1C7-975F-4460-9B4A-706CC0BE71E3} = {D74940DD-B87B-4E4B-812E-6D4F061C4A52}
		{1660BBFB-92EF-459F-B0D2-BAB5D215A7C5} = {BEB12BD4-6FBD-4544-81EE-04BC0D7D2FEF}
		{A7C205F8-F18B-423E-914F-E8DD3C02121B} = {02189EB9-1BC6-4A25-B8FC-A908597825B0}
		{13BD0334-20B2-4341-B50C-07174771DA0B} = {34C9D15B-6D56-4757-B6E1-960F0F053288}
		{66B39DDF-055B-4AC0-A283-A051EFB304EC} = {34C9D15B-6D56-4757-B6E1-960F0F053288}
		{50DD7935-C200-43D8-9C55-733992A5A2F5} = {D74940DD-B87B-4E4B-812E-6D4F061C4A52}
		{FBEB9A56-32F9-4D96-A2E3-F83761FF4ACE} = {02189EB9-1BC6-4A25-B8FC-A908597825B0}
		{D9EE4768-F1FE-4311-87F0-E8ADB4844550} = {BEB12BD4-6FBD-4544-81EE-04BC0D7D2FEF}
		{EA1C2902-A162-4FCF-9C93-250B84ECEC73} = {6212249F-9AC3-49A5-A2B0-48C71D9EF5B5}
		{2391DDC2-5BE5-4E36-93FC-3EDBFFC0C56C} = {6212249F-9AC3-49A5-A2B0-48C71D9EF5B5}
		{8E4BE03F-C577-4481-A405-F1913A18C289} = {3FA1EFF4-1AF2-442F-A53C-0DD0DA4871F9}
		{95408C6F-EA7F-4B14-988D-D201B15D4EC1} = {3FA1EFF4-1AF2-442F-A53C-0DD0DA4871F9}
		{3A48E399-0D67-4553-A269-368F171FD008} = {3FA1EFF4-1AF2-442F-A53C-0DD0DA4871F9}
		{5DA88383-58E0-4D65-AE7C-D56FEC1D9488} = {D74940DD-B87B-4E4B-812E-6D4F061C4A52}
		{A8F398D2-9145-4D1A-AF80-5DBC8CC9B4C1} = {3FA1EFF4-1AF2-442F-A53C-0DD0DA4871F9}
		{B4C79CEE-4B09-428A-BFE9-B276DF4F57FA} = {6212249F-9AC3-49A5-A2B0-48C71D9EF5B5}
		{0390A9D5-D594-41F8-8434-2146BC4A0628} = {24CD270C-4255-4F3C-9049-75810DCDC01E}
		{40618AE2-4681-4564-A11F-08A52A06B013} = {24CD270C-4255-4F3C-9049-75810DCDC01E}
	EndGlobalSection
EndGlobal
